
Microsoft Visual Studio Solution File, Format Version 12.00
# Visual Studio Version 16
VisualStudioVersion = 16.0.31205.134
MinimumVisualStudioVersion = 10.0.40219.1
Project("{FAE04EC0-301F-11D3-BF4B-00C04F79EFBC}") = "DS-Project", "DS-Project\DS-Project.csproj", "{BADD5707-B45A-485B-9A73-B2513E23BDEC}"
EndProject
Global
	GlobalSection(SolutionConfigurationPlatforms) = preSolution
		Debug|Any CPU = Debug|Any CPU
		Release|Any CPU = Release|Any CPU
	EndGlobalSection
	GlobalSection(ProjectConfigurationPlatforms) = postSolution
		{BADD5707-B45A-485B-9A73-B2513E23BDEC}.Debug|Any CPU.ActiveCfg = Debug|Any CPU
		{BADD5707-B45A-485B-9A73-B2513E23BDEC}.Debug|Any CPU.Build.0 = Debug|Any CPU
		{BADD5707-B45A-485B-9A73-B2513E23BDEC}.Release|Any CPU.ActiveCfg = Release|Any CPU
		{BADD5707-B45A-485B-9A73-B2513E23BDEC}.Release|Any CPU.Build.0 = Release|Any CPU
	EndGlobalSection
	GlobalSection(SolutionProperties) = preSolution
		HideSolutionNode = FALSE
	EndGlobalSection
	GlobalSection(ExtensibilityGlobals) = postSolution
		SolutionGuid = {185DE029-C1A1-4E7F-9078-3041FEC78322}
	EndGlobalSection
EndGlobal
